
Microsoft Visual Studio Solution File, Format Version 12.00
# Visual Studio Version 18
VisualStudioVersion = 18.2.11415.280 d18.0
MinimumVisualStudioVersion = 10.0.40219.1
Project("{FAE04EC0-301F-11D3-BF4B-00C04F79EFBC}") = "SharpIppNextServer", "SharpIppNextServer\SharpIppNextServer.csproj", "{47476576-4D18-497A-9550-083D1760D7CA}"
EndProject
Project("{2150E333-8FDC-42A3-9474-1A3956D46DE8}") = "Solution items", "Solution items", "{054FF709-D828-4270-91BE-4EE488DC0678}"
	ProjectSection(SolutionItems) = preProject
		Directory.Packages.props = Directory.Packages.props
	EndProjectSection
EndProject
Global
	GlobalSection(SolutionConfigurationPlatforms) = preSolution
		Debug|Any CPU = Debug|Any CPU
		Release|Any CPU = Release|Any CPU
	EndGlobalSection
	GlobalSection(ProjectConfigurationPlatforms) = postSolution
		{47476576-4D18-497A-9550-083D1760D7CA}.Debug|Any CPU.ActiveCfg = Debug|Any CPU
		{47476576-4D18-497A-9550-083D1760D7CA}.Debug|Any CPU.Build.0 = Debug|Any CPU
		{47476576-4D18-497A-9550-083D1760D7CA}.Release|Any CPU.ActiveCfg = Release|Any CPU
		{47476576-4D18-497A-9550-083D1760D7CA}.Release|Any CPU.Build.0 = Release|Any CPU
	EndGlobalSection
	GlobalSection(SolutionProperties) = preSolution
		HideSolutionNode = FALSE
	EndGlobalSection
	GlobalSection(ExtensibilityGlobals) = postSolution
		SolutionGuid = {32B71D4B-B5BB-4E75-B3B6-145BAC90E384}
	EndGlobalSection
EndGlobal
